// !$*UTF8*$!
{
	archiveVersion = 1;
	classes = {
	};
	objectVersion = 46;
	objects = {

/* Begin PBXBuildFile section */
		96109E261E3B561000D99480 /* PlantGrow.mp3 in Resources */ = {isa = PBXBuildFile; fileRef = 96109E251E3B561000D99480 /* PlantGrow.mp3 */; };
		96109E2C1E3B5D6900D99480 /* RainDrop.wav in Resources */ = {isa = PBXBuildFile; fileRef = 96109E2B1E3B5D6900D99480 /* RainDrop.wav */; };
		96109E301E3B624F00D99480 /* ExerciseFinished.wav in Resources */ = {isa = PBXBuildFile; fileRef = 96109E2F1E3B624F00D99480 /* ExerciseFinished.wav */; };
		96109E321E3B63D900D99480 /* LakkiReddy-Regular.ttf in Resources */ = {isa = PBXBuildFile; fileRef = 96109E311E3B63D900D99480 /* LakkiReddy-Regular.ttf */; };
		967B9C7B1E39F9E9006F403B /* AppDelegate.swift in Sources */ = {isa = PBXBuildFile; fileRef = 967B9C7A1E39F9E9006F403B /* AppDelegate.swift */; };
		967B9C801E39F9E9006F403B /* Main.storyboard in Resources */ = {isa = PBXBuildFile; fileRef = 967B9C7E1E39F9E9006F403B /* Main.storyboard */; };
		967B9C831E39F9E9006F403B /* ConvalesenseManager.xcdatamodeld in Sources */ = {isa = PBXBuildFile; fileRef = 967B9C811E39F9E9006F403B /* ConvalesenseManager.xcdatamodeld */; };
		967B9C851E39F9E9006F403B /* Assets.xcassets in Resources */ = {isa = PBXBuildFile; fileRef = 967B9C841E39F9E9006F403B /* Assets.xcassets */; };
		967B9C881E39F9E9006F403B /* LaunchScreen.storyboard in Resources */ = {isa = PBXBuildFile; fileRef = 967B9C861E39F9E9006F403B /* LaunchScreen.storyboard */; };
		967B9CB11E3A2E97006F403B /* PlansController.swift in Sources */ = {isa = PBXBuildFile; fileRef = 967B9CB01E3A2E97006F403B /* PlansController.swift */; };
		967B9CB31E3A3A34006F403B /* PlanController.swift in Sources */ = {isa = PBXBuildFile; fileRef = 967B9CB21E3A3A34006F403B /* PlanController.swift */; };
		967B9CE41E3A427C006F403B /* MakeItRainController.swift in Sources */ = {isa = PBXBuildFile; fileRef = 967B9CE31E3A427C006F403B /* MakeItRainController.swift */; };
		967B9CEA1E3A6915006F403B /* ExerciseFinishedController.swift in Sources */ = {isa = PBXBuildFile; fileRef = 967B9CE91E3A6915006F403B /* ExerciseFinishedController.swift */; };
		967B9CEC1E3A6BE5006F403B /* Plan.swift in Sources */ = {isa = PBXBuildFile; fileRef = 967B9CEB1E3A6BE5006F403B /* Plan.swift */; };
		967B9CEE1E3A6C11006F403B /* Exercise.swift in Sources */ = {isa = PBXBuildFile; fileRef = 967B9CED1E3A6C11006F403B /* Exercise.swift */; };
		967B9CF41E3A8793006F403B /* PeripheralScanner.swift in Sources */ = {isa = PBXBuildFile; fileRef = 967B9CF31E3A8793006F403B /* PeripheralScanner.swift */; };
		967B9CF61E3A88E1006F403B /* Date+ISO8601.swift in Sources */ = {isa = PBXBuildFile; fileRef = 967B9CF51E3A88E1006F403B /* Date+ISO8601.swift */; };
		967B9CF81E3B3CBA006F403B /* APISession.swift in Sources */ = {isa = PBXBuildFile; fileRef = 967B9CF71E3B3CBA006F403B /* APISession.swift */; };
		967B9CFA1E3B475C006F403B /* APISessionConsumer.swift in Sources */ = {isa = PBXBuildFile; fileRef = 967B9CF91E3B475C006F403B /* APISessionConsumer.swift */; };
/* End PBXBuildFile section */

/* Begin PBXFileReference section */
		96109E251E3B561000D99480 /* PlantGrow.mp3 */ = {isa = PBXFileReference; lastKnownFileType = audio.mp3; path = PlantGrow.mp3; sourceTree = "<group>"; };
		96109E2B1E3B5D6900D99480 /* RainDrop.wav */ = {isa = PBXFileReference; lastKnownFileType = audio.wav; path = RainDrop.wav; sourceTree = "<group>"; };
		96109E2F1E3B624F00D99480 /* ExerciseFinished.wav */ = {isa = PBXFileReference; lastKnownFileType = audio.wav; path = ExerciseFinished.wav; sourceTree = "<group>"; };
		96109E311E3B63D900D99480 /* LakkiReddy-Regular.ttf */ = {isa = PBXFileReference; lastKnownFileType = file; path = "LakkiReddy-Regular.ttf"; sourceTree = "<group>"; };
		967B9C771E39F9E9006F403B /* ConvalesenseManager.app */ = {isa = PBXFileReference; explicitFileType = wrapper.application; includeInIndex = 0; path = ConvalesenseManager.app; sourceTree = BUILT_PRODUCTS_DIR; };
		967B9C7A1E39F9E9006F403B /* AppDelegate.swift */ = {isa = PBXFileReference; lastKnownFileType = sourcecode.swift; path = AppDelegate.swift; sourceTree = "<group>"; };
		967B9C7F1E39F9E9006F403B /* Base */ = {isa = PBXFileReference; lastKnownFileType = file.storyboard; name = Base; path = Base.lproj/Main.storyboard; sourceTree = "<group>"; };
		967B9C821E39F9E9006F403B /* ConvalesenseManager.xcdatamodel */ = {isa = PBXFileReference; lastKnownFileType = wrapper.xcdatamodel; path = ConvalesenseManager.xcdatamodel; sourceTree = "<group>"; };
		967B9C841E39F9E9006F403B /* Assets.xcassets */ = {isa = PBXFileReference; lastKnownFileType = folder.assetcatalog; path = Assets.xcassets; sourceTree = "<group>"; };
		967B9C871E39F9E9006F403B /* Base */ = {isa = PBXFileReference; lastKnownFileType = file.storyboard; name = Base; path = Base.lproj/LaunchScreen.storyboard; sourceTree = "<group>"; };
		967B9C891E39F9E9006F403B /* Info.plist */ = {isa = PBXFileReference; lastKnownFileType = text.plist.xml; path = Info.plist; sourceTree = "<group>"; };
		967B9CB01E3A2E97006F403B /* PlansController.swift */ = {isa = PBXFileReference; fileEncoding = 4; lastKnownFileType = sourcecode.swift; path = PlansController.swift; sourceTree = "<group>"; };
		967B9CB21E3A3A34006F403B /* PlanController.swift */ = {isa = PBXFileReference; fileEncoding = 4; lastKnownFileType = sourcecode.swift; path = PlanController.swift; sourceTree = "<group>"; };
		967B9CE31E3A427C006F403B /* MakeItRainController.swift */ = {isa = PBXFileReference; fileEncoding = 4; lastKnownFileType = sourcecode.swift; path = MakeItRainController.swift; sourceTree = "<group>"; };
		967B9CE91E3A6915006F403B /* ExerciseFinishedController.swift */ = {isa = PBXFileReference; fileEncoding = 4; lastKnownFileType = sourcecode.swift; path = ExerciseFinishedController.swift; sourceTree = "<group>"; };
		967B9CEB1E3A6BE5006F403B /* Plan.swift */ = {isa = PBXFileReference; fileEncoding = 4; lastKnownFileType = sourcecode.swift; path = Plan.swift; sourceTree = "<group>"; };
		967B9CED1E3A6C11006F403B /* Exercise.swift */ = {isa = PBXFileReference; fileEncoding = 4; lastKnownFileType = sourcecode.swift; path = Exercise.swift; sourceTree = "<group>"; };
		967B9CF31E3A8793006F403B /* PeripheralScanner.swift */ = {isa = PBXFileReference; fileEncoding = 4; lastKnownFileType = sourcecode.swift; path = PeripheralScanner.swift; sourceTree = "<group>"; };
		967B9CF51E3A88E1006F403B /* Date+ISO8601.swift */ = {isa = PBXFileReference; fileEncoding = 4; lastKnownFileType = sourcecode.swift; path = "Date+ISO8601.swift"; sourceTree = "<group>"; };
		967B9CF71E3B3CBA006F403B /* APISession.swift */ = {isa = PBXFileReference; fileEncoding = 4; lastKnownFileType = sourcecode.swift; path = APISession.swift; sourceTree = "<group>"; };
		967B9CF91E3B475C006F403B /* APISessionConsumer.swift */ = {isa = PBXFileReference; fileEncoding = 4; lastKnownFileType = sourcecode.swift; path = APISessionConsumer.swift; sourceTree = "<group>"; };
/* End PBXFileReference section */

/* Begin PBXFrameworksBuildPhase section */
		967B9C741E39F9E9006F403B /* Frameworks */ = {
			isa = PBXFrameworksBuildPhase;
			buildActionMask = 2147483647;
			files = (
			);
			runOnlyForDeploymentPostprocessing = 0;
		};
/* End PBXFrameworksBuildPhase section */

/* Begin PBXGroup section */
		967B9C6E1E39F9E9006F403B = {
			isa = PBXGroup;
			children = (
				967B9C791E39F9E9006F403B /* ConvalesenseManager */,
				967B9C781E39F9E9006F403B /* Products */,
			);
			sourceTree = "<group>";
		};
		967B9C781E39F9E9006F403B /* Products */ = {
			isa = PBXGroup;
			children = (
				967B9C771E39F9E9006F403B /* ConvalesenseManager.app */,
			);
			name = Products;
			sourceTree = "<group>";
		};
		967B9C791E39F9E9006F403B /* ConvalesenseManager */ = {
			isa = PBXGroup;
			children = (
				967B9C7A1E39F9E9006F403B /* AppDelegate.swift */,
				967B9CB01E3A2E97006F403B /* PlansController.swift */,
				967B9CB21E3A3A34006F403B /* PlanController.swift */,
				967B9CEB1E3A6BE5006F403B /* Plan.swift */,
				967B9CED1E3A6C11006F403B /* Exercise.swift */,
				967B9CE31E3A427C006F403B /* MakeItRainController.swift */,
				967B9CE91E3A6915006F403B /* ExerciseFinishedController.swift */,
				967B9CF31E3A8793006F403B /* PeripheralScanner.swift */,
				967B9CF71E3B3CBA006F403B /* APISession.swift */,
				967B9CF91E3B475C006F403B /* APISessionConsumer.swift */,
				967B9CF51E3A88E1006F403B /* Date+ISO8601.swift */,
				967B9C7E1E39F9E9006F403B /* Main.storyboard */,
				967B9C841E39F9E9006F403B /* Assets.xcassets */,
				967B9C861E39F9E9006F403B /* LaunchScreen.storyboard */,
				967B9C891E39F9E9006F403B /* Info.plist */,
				967B9C811E39F9E9006F403B /* ConvalesenseManager.xcdatamodeld */,
				96109E251E3B561000D99480 /* PlantGrow.mp3 */,
				96109E2B1E3B5D6900D99480 /* RainDrop.wav */,
				96109E2F1E3B624F00D99480 /* ExerciseFinished.wav */,
				96109E311E3B63D900D99480 /* LakkiReddy-Regular.ttf */,
			);
			path = ConvalesenseManager;
			sourceTree = "<group>";
		};
/* End PBXGroup section */

/* Begin PBXNativeTarget section */
		967B9C761E39F9E9006F403B /* ConvalesenseManager */ = {
			isa = PBXNativeTarget;
			buildConfigurationList = 967B9C8C1E39F9E9006F403B /* Build configuration list for PBXNativeTarget "ConvalesenseManager" */;
			buildPhases = (
				967B9C731E39F9E9006F403B /* Sources */,
				967B9C741E39F9E9006F403B /* Frameworks */,
				967B9C751E39F9E9006F403B /* Resources */,
			);
			buildRules = (
			);
			dependencies = (
			);
			name = ConvalesenseManager;
			productName = ConvalesenseManager;
			productReference = 967B9C771E39F9E9006F403B /* ConvalesenseManager.app */;
			productType = "com.apple.product-type.application";
		};
/* End PBXNativeTarget section */

/* Begin PBXProject section */
		967B9C6F1E39F9E9006F403B /* Project object */ = {
			isa = PBXProject;
			attributes = {
				LastSwiftUpdateCheck = 0820;
				LastUpgradeCheck = 0820;
				ORGANIZATIONNAME = "AskDAD Ltd";
				TargetAttributes = {
					967B9C761E39F9E9006F403B = {
						CreatedOnToolsVersion = 8.2.1;
						DevelopmentTeam = A5T467E9NP;
						ProvisioningStyle = Automatic;
					};
				};
			};
			buildConfigurationList = 967B9C721E39F9E9006F403B /* Build configuration list for PBXProject "ConvalesenseManager" */;
			compatibilityVersion = "Xcode 3.2";
			developmentRegion = English;
			hasScannedForEncodings = 0;
			knownRegions = (
				en,
				Base,
			);
			mainGroup = 967B9C6E1E39F9E9006F403B;
			productRefGroup = 967B9C781E39F9E9006F403B /* Products */;
			projectDirPath = "";
			projectRoot = "";
			targets = (
				967B9C761E39F9E9006F403B /* ConvalesenseManager */,
			);
		};
/* End PBXProject section */

/* Begin PBXResourcesBuildPhase section */
		967B9C751E39F9E9006F403B /* Resources */ = {
			isa = PBXResourcesBuildPhase;
			buildActionMask = 2147483647;
			files = (
				96109E261E3B561000D99480 /* PlantGrow.mp3 in Resources */,
				967B9C881E39F9E9006F403B /* LaunchScreen.storyboard in Resources */,
				96109E301E3B624F00D99480 /* ExerciseFinished.wav in Resources */,
				96109E2C1E3B5D6900D99480 /* RainDrop.wav in Resources */,
				967B9C851E39F9E9006F403B /* Assets.xcassets in Resources */,
				967B9C801E39F9E9006F403B /* Main.storyboard in Resources */,
				96109E321E3B63D900D99480 /* LakkiReddy-Regular.ttf in Resources */,
			);
			runOnlyForDeploymentPostprocessing = 0;
		};
/* End PBXResourcesBuildPhase section */

/* Begin PBXSourcesBuildPhase section */
		967B9C731E39F9E9006F403B /* Sources */ = {
			isa = PBXSourcesBuildPhase;
			buildActionMask = 2147483647;
			files = (
				967B9CEC1E3A6BE5006F403B /* Plan.swift in Sources */,
				967B9CEA1E3A6915006F403B /* ExerciseFinishedController.swift in Sources */,
				967B9CF41E3A8793006F403B /* PeripheralScanner.swift in Sources */,
				967B9CE41E3A427C006F403B /* MakeItRainController.swift in Sources */,
				967B9C831E39F9E9006F403B /* ConvalesenseManager.xcdatamodeld in Sources */,
				967B9CB11E3A2E97006F403B /* PlansController.swift in Sources */,
				967B9C7B1E39F9E9006F403B /* AppDelegate.swift in Sources */,
				967B9CB31E3A3A34006F403B /* PlanController.swift in Sources */,
				967B9CF81E3B3CBA006F403B /* APISession.swift in Sources */,
				967B9CFA1E3B475C006F403B /* APISessionConsumer.swift in Sources */,
				967B9CF61E3A88E1006F403B /* Date+ISO8601.swift in Sources */,
				967B9CEE1E3A6C11006F403B /* Exercise.swift in Sources */,
			);
			runOnlyForDeploymentPostprocessing = 0;
		};
/* End PBXSourcesBuildPhase section */

/* Begin PBXVariantGroup section */
		967B9C7E1E39F9E9006F403B /* Main.storyboard */ = {
			isa = PBXVariantGroup;
			children = (
				967B9C7F1E39F9E9006F403B /* Base */,
			);
			name = Main.storyboard;
			sourceTree = "<group>";
		};
		967B9C861E39F9E9006F403B /* LaunchScreen.storyboard */ = {
			isa = PBXVariantGroup;
			children = (
				967B9C871E39F9E9006F403B /* Base */,
			);
			name = LaunchScreen.storyboard;
			sourceTree = "<group>";
		};
/* End PBXVariantGroup section */

/* Begin XCBuildConfiguration section */
		967B9C8A1E39F9E9006F403B /* Debug */ = {
			isa = XCBuildConfiguration;
			buildSettings = {
				ALWAYS_SEARCH_USER_PATHS = NO;
				CLANG_ANALYZER_NONNULL = YES;
				CLANG_CXX_LANGUAGE_STANDARD = "gnu++0x";
				CLANG_CXX_LIBRARY = "libc++";
				CLANG_ENABLE_MODULES = YES;
				CLANG_ENABLE_OBJC_ARC = YES;
				CLANG_WARN_BOOL_CONVERSION = YES;
				CLANG_WARN_CONSTANT_CONVERSION = YES;
				CLANG_WARN_DIRECT_OBJC_ISA_USAGE = YES_ERROR;
				CLANG_WARN_DOCUMENTATION_COMMENTS = YES;
				CLANG_WARN_EMPTY_BODY = YES;
				CLANG_WARN_ENUM_CONVERSION = YES;
				CLANG_WARN_INFINITE_RECURSION = YES;
				CLANG_WARN_INT_CONVERSION = YES;
				CLANG_WARN_OBJC_ROOT_CLASS = YES_ERROR;
				CLANG_WARN_SUSPICIOUS_MOVE = YES;
				CLANG_WARN_UNREACHABLE_CODE = YES;
				CLANG_WARN__DUPLICATE_METHOD_MATCH = YES;
				"CODE_SIGN_IDENTITY[sdk=iphoneos*]" = "iPhone Developer";
				COPY_PHASE_STRIP = NO;
				DEBUG_INFORMATION_FORMAT = dwarf;
				ENABLE_STRICT_OBJC_MSGSEND = YES;
				ENABLE_TESTABILITY = YES;
				GCC_C_LANGUAGE_STANDARD = gnu99;
				GCC_DYNAMIC_NO_PIC = NO;
				GCC_NO_COMMON_BLOCKS = YES;
				GCC_OPTIMIZATION_LEVEL = 0;
				GCC_PREPROCESSOR_DEFINITIONS = (
					"DEBUG=1",
					"$(inherited)",
				);
				GCC_WARN_64_TO_32_BIT_CONVERSION = YES;
				GCC_WARN_ABOUT_RETURN_TYPE = YES_ERROR;
				GCC_WARN_UNDECLARED_SELECTOR = YES;
				GCC_WARN_UNINITIALIZED_AUTOS = YES_AGGRESSIVE;
				GCC_WARN_UNUSED_FUNCTION = YES;
				GCC_WARN_UNUSED_VARIABLE = YES;
				IPHONEOS_DEPLOYMENT_TARGET = 10.2;
				MTL_ENABLE_DEBUG_INFO = YES;
				ONLY_ACTIVE_ARCH = YES;
				SDKROOT = iphoneos;
				SWIFT_ACTIVE_COMPILATION_CONDITIONS = DEBUG;
				SWIFT_OPTIMIZATION_LEVEL = "-Onone";
				TARGETED_DEVICE_FAMILY = "1,2";
			};
			name = Debug;
		};
		967B9C8B1E39F9E9006F403B /* Release */ = {
			isa = XCBuildConfiguration;
			buildSettings = {
				ALWAYS_SEARCH_USER_PATHS = NO;
				CLANG_ANALYZER_NONNULL = YES;
				CLANG_CXX_LANGUAGE_STANDARD = "gnu++0x";
				CLANG_CXX_LIBRARY = "libc++";
				CLANG_ENABLE_MODULES = YES;
				CLANG_ENABLE_OBJC_ARC = YES;
				CLANG_WARN_BOOL_CONVERSION = YES;
				CLANG_WARN_CONSTANT_CONVERSION = YES;
				CLANG_WARN_DIRECT_OBJC_ISA_USAGE = YES_ERROR;
				CLANG_WARN_DOCUMENTATION_COMMENTS = YES;
				CLANG_WARN_EMPTY_BODY = YES;
				CLANG_WARN_ENUM_CONVERSION = YES;
				CLANG_WARN_INFINITE_RECURSION = YES;
				CLANG_WARN_INT_CONVERSION = YES;
				CLANG_WARN_OBJC_ROOT_CLASS = YES_ERROR;
				CLANG_WARN_SUSPICIOUS_MOVE = YES;
				CLANG_WARN_UNREACHABLE_CODE = YES;
				CLANG_WARN__DUPLICATE_METHOD_MATCH = YES;
				"CODE_SIGN_IDENTITY[sdk=iphoneos*]" = "iPhone Developer";
				COPY_PHASE_STRIP = NO;
				DEBUG_INFORMATION_FORMAT = "dwarf-with-dsym";
				ENABLE_NS_ASSERTIONS = NO;
				ENABLE_STRICT_OBJC_MSGSEND = YES;
				GCC_C_LANGUAGE_STANDARD = gnu99;
				GCC_NO_COMMON_BLOCKS = YES;
				GCC_WARN_64_TO_32_BIT_CONVERSION = YES;
				GCC_WARN_ABOUT_RETURN_TYPE = YES_ERROR;
				GCC_WARN_UNDECLARED_SELECTOR = YES;
				GCC_WARN_UNINITIALIZED_AUTOS = YES_AGGRESSIVE;
				GCC_WARN_UNUSED_FUNCTION = YES;
				GCC_WARN_UNUSED_VARIABLE = YES;
				IPHONEOS_DEPLOYMENT_TARGET = 10.2;
				MTL_ENABLE_DEBUG_INFO = NO;
				SDKROOT = iphoneos;
				SWIFT_OPTIMIZATION_LEVEL = "-Owholemodule";
				TARGETED_DEVICE_FAMILY = "1,2";
				VALIDATE_PRODUCT = YES;
			};
			name = Release;
		};
		967B9C8D1E39F9E9006F403B /* Debug */ = {
			isa = XCBuildConfiguration;
			buildSettings = {
				ASSETCATALOG_COMPILER_APPICON_NAME = AppIcon;
				DEVELOPMENT_TEAM = A5T467E9NP;
				INFOPLIST_FILE = ConvalesenseManager/Info.plist;
				IPHONEOS_DEPLOYMENT_TARGET = 10.0;
				LD_RUNPATH_SEARCH_PATHS = "$(inherited) @executable_path/Frameworks";
				PRODUCT_BUNDLE_IDENTIFIER = co.dad.ConvalesenseManager;
				PRODUCT_NAME = "$(TARGET_NAME)";
				SWIFT_VERSION = 3.0;
			};
			name = Debug;
		};
		967B9C8E1E39F9E9006F403B /* Release */ = {
			isa = XCBuildConfiguration;
			buildSettings = {
				ASSETCATALOG_COMPILER_APPICON_NAME = AppIcon;
				DEVELOPMENT_TEAM = A5T467E9NP;
				INFOPLIST_FILE = ConvalesenseManager/Info.plist;
				IPHONEOS_DEPLOYMENT_TARGET = 10.0;
				LD_RUNPATH_SEARCH_PATHS = "$(inherited) @executable_path/Frameworks";
				PRODUCT_BUNDLE_IDENTIFIER = co.dad.ConvalesenseManager;
				PRODUCT_NAME = "$(TARGET_NAME)";
				SWIFT_VERSION = 3.0;
			};
			name = Release;
		};
/* End XCBuildConfiguration section */

/* Begin XCConfigurationList section */
		967B9C721E39F9E9006F403B /* Build configuration list for PBXProject "ConvalesenseManager" */ = {
			isa = XCConfigurationList;
			buildConfigurations = (
				967B9C8A1E39F9E9006F403B /* Debug */,
				967B9C8B1E39F9E9006F403B /* Release */,
			);
			defaultConfigurationIsVisible = 0;
			defaultConfigurationName = Release;
		};
		967B9C8C1E39F9E9006F403B /* Build configuration list for PBXNativeTarget "ConvalesenseManager" */ = {
			isa = XCConfigurationList;
			buildConfigurations = (
				967B9C8D1E39F9E9006F403B /* Debug */,
				967B9C8E1E39F9E9006F403B /* Release */,
			);
			defaultConfigurationIsVisible = 0;
			defaultConfigurationName = Release;
		};
/* End XCConfigurationList section */

/* Begin XCVersionGroup section */
		967B9C811E39F9E9006F403B /* ConvalesenseManager.xcdatamodeld */ = {
			isa = XCVersionGroup;
			children = (
				967B9C821E39F9E9006F403B /* ConvalesenseManager.xcdatamodel */,
			);
			currentVersion = 967B9C821E39F9E9006F403B /* ConvalesenseManager.xcdatamodel */;
			path = ConvalesenseManager.xcdatamodeld;
			sourceTree = "<group>";
			versionGroupType = wrapper.xcdatamodel;
		};
/* End XCVersionGroup section */
	};
	rootObject = 967B9C6F1E39F9E9006F403B /* Project object */;
}
